
Microsoft Visual Studio Solution File, Format Version 12.00
# Visual Studio Version 17
VisualStudioVersion = 17.12.35707.178
MinimumVisualStudioVersion = 10.0.40219.1
Project("{FAE04EC0-301F-11D3-BF4B-00C04F79EFBC}") = "Inheritance_work", "Inheritance_work\Inheritance_work.csproj", "{69FB7E9F-95DA-4D1A-A2C6-60A4DD11EDEC}"
EndProject
Project("{FAE04EC0-301F-11D3-BF4B-00C04F79EFBC}") = "Abstraction_task", "Abstraction_task\Abstraction_task.csproj", "{4369378C-BFB6-497F-8FAC-BB6E049237C0}"
EndProject
Project("{FAE04EC0-301F-11D3-BF4B-00C04F79EFBC}") = "Access_Modifiers", "Access_Modifiers\Access_Modifiers.csproj", "{72D5B20C-0D0B-499E-83E0-1FB672E5DDB3}"
EndProject
Project("{FAE04EC0-301F-11D3-BF4B-00C04F79EFBC}") = "Hello_world", "Hello_world\Hello_world.csproj", "{DBB6D68A-4BFC-4B4D-9E7C-63956975A1EB}"
EndProject
Project("{FAE04EC0-301F-11D3-BF4B-00C04F79EFBC}") = "Basic_calculator", "Basic_calculator\Basic_calculator.csproj", "{282F7245-09ED-4E88-9E25-93E523363489}"
EndProject
Project("{FAE04EC0-301F-11D3-BF4B-00C04F79EFBC}") = "Guess_Random", "Guess_Random\Guess_Random.csproj", "{B40FD417-B381-4F10-9B16-30721DCFFE48}"
EndProject
Project("{FAE04EC0-301F-11D3-BF4B-00C04F79EFBC}") = "Arrays_and_Loops", "Arrays_and_Loops\Arrays_and_Loops.csproj", "{BF6C1A42-6875-4635-AC5B-0E22899D62CA}"
EndProject
Project("{FAE04EC0-301F-11D3-BF4B-00C04F79EFBC}") = "Usage_Namespace", "Usage_Namespace\Usage_Namespace.csproj", "{AC886677-DBB8-4D21-8DB8-65B24425BAFF}"
EndProject
Global
	GlobalSection(SolutionConfigurationPlatforms) = preSolution
		Debug|Any CPU = Debug|Any CPU
		Release|Any CPU = Release|Any CPU
	EndGlobalSection
	GlobalSection(ProjectConfigurationPlatforms) = postSolution
		{69FB7E9F-95DA-4D1A-A2C6-60A4DD11EDEC}.Debug|Any CPU.ActiveCfg = Debug|Any CPU
		{69FB7E9F-95DA-4D1A-A2C6-60A4DD11EDEC}.Debug|Any CPU.Build.0 = Debug|Any CPU
		{69FB7E9F-95DA-4D1A-A2C6-60A4DD11EDEC}.Release|Any CPU.ActiveCfg = Release|Any CPU
		{69FB7E9F-95DA-4D1A-A2C6-60A4DD11EDEC}.Release|Any CPU.Build.0 = Release|Any CPU
		{4369378C-BFB6-497F-8FAC-BB6E049237C0}.Debug|Any CPU.ActiveCfg = Debug|Any CPU
		{4369378C-BFB6-497F-8FAC-BB6E049237C0}.Debug|Any CPU.Build.0 = Debug|Any CPU
		{4369378C-BFB6-497F-8FAC-BB6E049237C0}.Release|Any CPU.ActiveCfg = Release|Any CPU
		{4369378C-BFB6-497F-8FAC-BB6E049237C0}.Release|Any CPU.Build.0 = Release|Any CPU
		{72D5B20C-0D0B-499E-83E0-1FB672E5DDB3}.Debug|Any CPU.ActiveCfg = Debug|Any CPU
		{72D5B20C-0D0B-499E-83E0-1FB672E5DDB3}.Debug|Any CPU.Build.0 = Debug|Any CPU
		{72D5B20C-0D0B-499E-83E0-1FB672E5DDB3}.Release|Any CPU.ActiveCfg = Release|Any CPU
		{72D5B20C-0D0B-499E-83E0-1FB672E5DDB3}.Release|Any CPU.Build.0 = Release|Any CPU
		{DBB6D68A-4BFC-4B4D-9E7C-63956975A1EB}.Debug|Any CPU.ActiveCfg = Debug|Any CPU
		{DBB6D68A-4BFC-4B4D-9E7C-63956975A1EB}.Debug|Any CPU.Build.0 = Debug|Any CPU
		{DBB6D68A-4BFC-4B4D-9E7C-63956975A1EB}.Release|Any CPU.ActiveCfg = Release|Any CPU
		{DBB6D68A-4BFC-4B4D-9E7C-63956975A1EB}.Release|Any CPU.Build.0 = Release|Any CPU
		{282F7245-09ED-4E88-9E25-93E523363489}.Debug|Any CPU.ActiveCfg = Debug|Any CPU
		{282F7245-09ED-4E88-9E25-93E523363489}.Debug|Any CPU.Build.0 = Debug|Any CPU
		{282F7245-09ED-4E88-9E25-93E523363489}.Release|Any CPU.ActiveCfg = Release|Any CPU
		{282F7245-09ED-4E88-9E25-93E523363489}.Release|Any CPU.Build.0 = Release|Any CPU
		{B40FD417-B381-4F10-9B16-30721DCFFE48}.Debug|Any CPU.ActiveCfg = Debug|Any CPU
		{B40FD417-B381-4F10-9B16-30721DCFFE48}.Debug|Any CPU.Build.0 = Debug|Any CPU
		{B40FD417-B381-4F10-9B16-30721DCFFE48}.Release|Any CPU.ActiveCfg = Release|Any CPU
		{B40FD417-B381-4F10-9B16-30721DCFFE48}.Release|Any CPU.Build.0 = Release|Any CPU
		{BF6C1A42-6875-4635-AC5B-0E22899D62CA}.Debug|Any CPU.ActiveCfg = Debug|Any CPU
		{BF6C1A42-6875-4635-AC5B-0E22899D62CA}.Debug|Any CPU.Build.0 = Debug|Any CPU
		{BF6C1A42-6875-4635-AC5B-0E22899D62CA}.Release|Any CPU.ActiveCfg = Release|Any CPU
		{BF6C1A42-6875-4635-AC5B-0E22899D62CA}.Release|Any CPU.Build.0 = Release|Any CPU
		{AC886677-DBB8-4D21-8DB8-65B24425BAFF}.Debug|Any CPU.ActiveCfg = Debug|Any CPU
		{AC886677-DBB8-4D21-8DB8-65B24425BAFF}.Debug|Any CPU.Build.0 = Debug|Any CPU
		{AC886677-DBB8-4D21-8DB8-65B24425BAFF}.Release|Any CPU.ActiveCfg = Release|Any CPU
		{AC886677-DBB8-4D21-8DB8-65B24425BAFF}.Release|Any CPU.Build.0 = Release|Any CPU
	EndGlobalSection
	GlobalSection(SolutionProperties) = preSolution
		HideSolutionNode = FALSE
	EndGlobalSection
EndGlobal
