
Microsoft Visual Studio Solution File, Format Version 12.00
# Visual Studio Version 17
VisualStudioVersion = 17.12.35707.178
MinimumVisualStudioVersion = 10.0.40219.1
Project("{FAE04EC0-301F-11D3-BF4B-00C04F79EFBC}") = "Inheritance_work", "Inheritance_work\Inheritance_work.csproj", "{69FB7E9F-95DA-4D1A-A2C6-60A4DD11EDEC}"
EndProject
Project("{FAE04EC0-301F-11D3-BF4B-00C04F79EFBC}") = "Abstraction_task", "Abstraction_task\Abstraction_task.csproj", "{4369378C-BFB6-497F-8FAC-BB6E049237C0}"
EndProject
Project("{FAE04EC0-301F-11D3-BF4B-00C04F79EFBC}") = "Access_Modifiers", "Access_Modifiers\Access_Modifiers.csproj", "{72D5B20C-0D0B-499E-83E0-1FB672E5DDB3}"
EndProject
Project("{FAE04EC0-301F-11D3-BF4B-00C04F79EFBC}") = "Hello_world", "Hello_world\Hello_world.csproj", "{DBB6D68A-4BFC-4B4D-9E7C-63956975A1EB}"
EndProject
Project("{FAE04EC0-301F-11D3-BF4B-00C04F79EFBC}") = "Basic_calculator", "Basic_calculator\Basic_calculator.csproj", "{282F7245-09ED-4E88-9E25-93E523363489}"
EndProject
Project("{FAE04EC0-301F-11D3-BF4B-00C04F79EFBC}") = "Guess_Random", "Guess_Random\Guess_Random.csproj", "{B40FD417-B381-4F10-9B16-30721DCFFE48}"
EndProject
Project("{FAE04EC0-301F-11D3-BF4B-00C04F79EFBC}") = "Arrays_and_Loops", "Arrays_and_Loops\Arrays_and_Loops.csproj", "{BF6C1A42-6875-4635-AC5B-0E22899D62CA}"
EndProject
Project("{FAE04EC0-301F-11D3-BF4B-00C04F79EFBC}") = "Usage_Namespace", "Usage_Namespace\Usage_Namespace.csproj", "{AC886677-DBB8-4D21-8DB8-65B24425BAFF}"
EndProject
Project("{FAE04EC0-301F-11D3-BF4B-00C04F79EFBC}") = "LoopCondition_Assignment", "Loop&Condition_Assignment\LoopCondition_Assignment.csproj", "{DEDCCEC4-A976-4D8D-9A97-55D0AFD2DA24}"
EndProject
Project("{FAE04EC0-301F-11D3-BF4B-00C04F79EFBC}") = "Constructor_Composition_Overloading", "Constructor_Composition_Overloading\Constructor_Composition_Overloading.csproj", "{1A29899A-C1CC-4DC3-BC88-6F76C0975AB4}"
EndProject
Project("{FAE04EC0-301F-11D3-BF4B-00C04F79EFBC}") = "Generic_List_and_Using_Object", "Generic_List_and_Using_Object\Generic_List_and_Using_Object.csproj", "{48B722EB-1474-4C77-8A49-DB2074A863DA}"
EndProject
Project("{FAE04EC0-301F-11D3-BF4B-00C04F79EFBC}") = "CarInfosWithWinForm", "CarInfosWithWinForm\CarInfosWithWinForm.csproj", "{0E0BED42-7C6B-4F38-A37C-0539DF606D7A}"
EndProject
Project("{FAE04EC0-301F-11D3-BF4B-00C04F79EFBC}") = "Serilazation_Deserialization", "Serilazation_Deserialization\Serilazation_Deserialization.csproj", "{BDB10285-8C18-4279-9B70-A7DDEE56BEB8}"
EndProject
Project("{FAE04EC0-301F-11D3-BF4B-00C04F79EFBC}") = "Reflection", "Reflection\Reflection.csproj", "{B7CCE5B7-0CF1-4AD7-8C48-56FA32CFD26C}"
EndProject
Global
	GlobalSection(SolutionConfigurationPlatforms) = preSolution
		Debug|Any CPU = Debug|Any CPU
		Release|Any CPU = Release|Any CPU
	EndGlobalSection
	GlobalSection(ProjectConfigurationPlatforms) = postSolution
		{69FB7E9F-95DA-4D1A-A2C6-60A4DD11EDEC}.Debug|Any CPU.ActiveCfg = Debug|Any CPU
		{69FB7E9F-95DA-4D1A-A2C6-60A4DD11EDEC}.Debug|Any CPU.Build.0 = Debug|Any CPU
		{69FB7E9F-95DA-4D1A-A2C6-60A4DD11EDEC}.Release|Any CPU.ActiveCfg = Release|Any CPU
		{69FB7E9F-95DA-4D1A-A2C6-60A4DD11EDEC}.Release|Any CPU.Build.0 = Release|Any CPU
		{4369378C-BFB6-497F-8FAC-BB6E049237C0}.Debug|Any CPU.ActiveCfg = Debug|Any CPU
		{4369378C-BFB6-497F-8FAC-BB6E049237C0}.Debug|Any CPU.Build.0 = Debug|Any CPU
		{4369378C-BFB6-497F-8FAC-BB6E049237C0}.Release|Any CPU.ActiveCfg = Release|Any CPU
		{4369378C-BFB6-497F-8FAC-BB6E049237C0}.Release|Any CPU.Build.0 = Release|Any CPU
		{72D5B20C-0D0B-499E-83E0-1FB672E5DDB3}.Debug|Any CPU.ActiveCfg = Debug|Any CPU
		{72D5B20C-0D0B-499E-83E0-1FB672E5DDB3}.Debug|Any CPU.Build.0 = Debug|Any CPU
		{72D5B20C-0D0B-499E-83E0-1FB672E5DDB3}.Release|Any CPU.ActiveCfg = Release|Any CPU
		{72D5B20C-0D0B-499E-83E0-1FB672E5DDB3}.Release|Any CPU.Build.0 = Release|Any CPU
		{DBB6D68A-4BFC-4B4D-9E7C-63956975A1EB}.Debug|Any CPU.ActiveCfg = Debug|Any CPU
		{DBB6D68A-4BFC-4B4D-9E7C-63956975A1EB}.Debug|Any CPU.Build.0 = Debug|Any CPU
		{DBB6D68A-4BFC-4B4D-9E7C-63956975A1EB}.Release|Any CPU.ActiveCfg = Release|Any CPU
		{DBB6D68A-4BFC-4B4D-9E7C-63956975A1EB}.Release|Any CPU.Build.0 = Release|Any CPU
		{282F7245-09ED-4E88-9E25-93E523363489}.Debug|Any CPU.ActiveCfg = Debug|Any CPU
		{282F7245-09ED-4E88-9E25-93E523363489}.Debug|Any CPU.Build.0 = Debug|Any CPU
		{282F7245-09ED-4E88-9E25-93E523363489}.Release|Any CPU.ActiveCfg = Release|Any CPU
		{282F7245-09ED-4E88-9E25-93E523363489}.Release|Any CPU.Build.0 = Release|Any CPU
		{B40FD417-B381-4F10-9B16-30721DCFFE48}.Debug|Any CPU.ActiveCfg = Debug|Any CPU
		{B40FD417-B381-4F10-9B16-30721DCFFE48}.Debug|Any CPU.Build.0 = Debug|Any CPU
		{B40FD417-B381-4F10-9B16-30721DCFFE48}.Release|Any CPU.ActiveCfg = Release|Any CPU
		{B40FD417-B381-4F10-9B16-30721DCFFE48}.Release|Any CPU.Build.0 = Release|Any CPU
		{BF6C1A42-6875-4635-AC5B-0E22899D62CA}.Debug|Any CPU.ActiveCfg = Debug|Any CPU
		{BF6C1A42-6875-4635-AC5B-0E22899D62CA}.Debug|Any CPU.Build.0 = Debug|Any CPU
		{BF6C1A42-6875-4635-AC5B-0E22899D62CA}.Release|Any CPU.ActiveCfg = Release|Any CPU
		{BF6C1A42-6875-4635-AC5B-0E22899D62CA}.Release|Any CPU.Build.0 = Release|Any CPU
		{AC886677-DBB8-4D21-8DB8-65B24425BAFF}.Debug|Any CPU.ActiveCfg = Debug|Any CPU
		{AC886677-DBB8-4D21-8DB8-65B24425BAFF}.Debug|Any CPU.Build.0 = Debug|Any CPU
		{AC886677-DBB8-4D21-8DB8-65B24425BAFF}.Release|Any CPU.ActiveCfg = Release|Any CPU
		{AC886677-DBB8-4D21-8DB8-65B24425BAFF}.Release|Any CPU.Build.0 = Release|Any CPU
		{DEDCCEC4-A976-4D8D-9A97-55D0AFD2DA24}.Debug|Any CPU.ActiveCfg = Debug|Any CPU
		{DEDCCEC4-A976-4D8D-9A97-55D0AFD2DA24}.Debug|Any CPU.Build.0 = Debug|Any CPU
		{DEDCCEC4-A976-4D8D-9A97-55D0AFD2DA24}.Release|Any CPU.ActiveCfg = Release|Any CPU
		{DEDCCEC4-A976-4D8D-9A97-55D0AFD2DA24}.Release|Any CPU.Build.0 = Release|Any CPU
		{1A29899A-C1CC-4DC3-BC88-6F76C0975AB4}.Debug|Any CPU.ActiveCfg = Debug|Any CPU
		{1A29899A-C1CC-4DC3-BC88-6F76C0975AB4}.Debug|Any CPU.Build.0 = Debug|Any CPU
		{1A29899A-C1CC-4DC3-BC88-6F76C0975AB4}.Release|Any CPU.ActiveCfg = Release|Any CPU
		{1A29899A-C1CC-4DC3-BC88-6F76C0975AB4}.Release|Any CPU.Build.0 = Release|Any CPU
		{48B722EB-1474-4C77-8A49-DB2074A863DA}.Debug|Any CPU.ActiveCfg = Debug|Any CPU
		{48B722EB-1474-4C77-8A49-DB2074A863DA}.Debug|Any CPU.Build.0 = Debug|Any CPU
		{48B722EB-1474-4C77-8A49-DB2074A863DA}.Release|Any CPU.ActiveCfg = Release|Any CPU
		{48B722EB-1474-4C77-8A49-DB2074A863DA}.Release|Any CPU.Build.0 = Release|Any CPU
		{0E0BED42-7C6B-4F38-A37C-0539DF606D7A}.Debug|Any CPU.ActiveCfg = Debug|Any CPU
		{0E0BED42-7C6B-4F38-A37C-0539DF606D7A}.Debug|Any CPU.Build.0 = Debug|Any CPU
		{0E0BED42-7C6B-4F38-A37C-0539DF606D7A}.Release|Any CPU.ActiveCfg = Release|Any CPU
		{0E0BED42-7C6B-4F38-A37C-0539DF606D7A}.Release|Any CPU.Build.0 = Release|Any CPU
		{BDB10285-8C18-4279-9B70-A7DDEE56BEB8}.Debug|Any CPU.ActiveCfg = Debug|Any CPU
		{BDB10285-8C18-4279-9B70-A7DDEE56BEB8}.Debug|Any CPU.Build.0 = Debug|Any CPU
		{BDB10285-8C18-4279-9B70-A7DDEE56BEB8}.Release|Any CPU.ActiveCfg = Release|Any CPU
		{BDB10285-8C18-4279-9B70-A7DDEE56BEB8}.Release|Any CPU.Build.0 = Release|Any CPU
		{B7CCE5B7-0CF1-4AD7-8C48-56FA32CFD26C}.Debug|Any CPU.ActiveCfg = Debug|Any CPU
		{B7CCE5B7-0CF1-4AD7-8C48-56FA32CFD26C}.Debug|Any CPU.Build.0 = Debug|Any CPU
		{B7CCE5B7-0CF1-4AD7-8C48-56FA32CFD26C}.Release|Any CPU.ActiveCfg = Release|Any CPU
		{B7CCE5B7-0CF1-4AD7-8C48-56FA32CFD26C}.Release|Any CPU.Build.0 = Release|Any CPU
	EndGlobalSection
	GlobalSection(SolutionProperties) = preSolution
		HideSolutionNode = FALSE
	EndGlobalSection
EndGlobal
